
Microsoft Visual Studio Solution File, Format Version 12.00
# Visual Studio Version 17
VisualStudioVersion = 17.8.34525.116
MinimumVisualStudioVersion = 10.0.40219.1
Project("{FAE04EC0-301F-11D3-BF4B-00C04F79EFBC}") = "ECommerceAPI", "ECommerceAPI\ECommerceAPI.csproj", "{371D593F-682F-4D93-A164-78D38484A656}"
EndProject
Global
	GlobalSection(SolutionConfigurationPlatforms) = preSolution
		Debug|Any CPU = Debug|Any CPU
		Release|Any CPU = Release|Any CPU
	EndGlobalSection
	GlobalSection(ProjectConfigurationPlatforms) = postSolution
		{371D593F-682F-4D93-A164-78D38484A656}.Debug|Any CPU.ActiveCfg = Debug|Any CPU
		{371D593F-682F-4D93-A164-78D38484A656}.Debug|Any CPU.Build.0 = Debug|Any CPU
		{371D593F-682F-4D93-A164-78D38484A656}.Release|Any CPU.ActiveCfg = Release|Any CPU
		{371D593F-682F-4D93-A164-78D38484A656}.Release|Any CPU.Build.0 = Release|Any CPU
	EndGlobalSection
	GlobalSection(SolutionProperties) = preSolution
		HideSolutionNode = FALSE
	EndGlobalSection
	GlobalSection(ExtensibilityGlobals) = postSolution
		SolutionGuid = {6E0A9F3C-2567-45C7-8767-8969EC9E8051}
	EndGlobalSection
EndGlobal
